dependencies:
- name: influxdb
  repository: https://helm.influxdata.com/
  version: 4.12.5
- name: postgresql
  repository: https://charts.bitnami.com/bitnami
  version: 18.2.3
- name: common
  repository: oci://registry-1.docker.io/bitnamicharts
  version: 2.31.4
digest: sha256:0ca921442150331ea1f5aa81e65bb2c45272828683a7e603cec7303d0171d2f9
generated: "2026-01-20T16:45:52.880119274Z"
