dependencies:
- name: influxdb2
  repository: https://helm.influxdata.com/
  version: 2.1.2
- name: kafka-ui
  repository: https://kafbat.github.io/helm-charts
  version: 1.6.4
- name: postgresql
  repository: https://charts.bitnami.com/bitnami
  version: 18.7.6
- name: common
  repository: oci://registry-1.docker.io/bitnamicharts
  version: 2.40.0
digest: sha256:678cf135417d472d91d1e49c27cf4935aa41172908d7942cd99ae1229585e710
generated: "2026-06-18T16:43:20.915248473Z"
