dependencies:
- name: influxdb2
  repository: https://helm.influxdata.com/
  version: 2.1.2
- name: postgresql
  repository: https://charts.bitnami.com/bitnami
  version: 18.4.0
- name: common
  repository: oci://registry-1.docker.io/bitnamicharts
  version: 2.36.0
digest: sha256:9f65dd46c5fb321fc9a4ad08b0d60e82ca640178cdee014e67240dd4279eb755
generated: "2026-02-18T16:53:46.05580926Z"
